
Microsoft Visual Studio Solution File, Format Version 12.00
# Visual Studio Version 17
VisualStudioVersion = 17.2.32616.157
MinimumVisualStudioVersion = 10.0.40219.1
Project("{FAE04EC0-301F-11D3-BF4B-00C04F79EFBC}") = "BaroPortal.API", "BaroPortal.API\BaroPortal.API.csproj", "{8ACD0485-E74E-45D7-B22E-F9CDC8737292}"
EndProject
Project("{FAE04EC0-301F-11D3-BF4B-00C04F79EFBC}") = "BaroPortal.Business", "BaroPortal.Business\BaroPortal.Business.csproj", "{BF0FDEDE-C6C1-4B33-846F-3C88B25191DF}"
EndProject
Project("{FAE04EC0-301F-11D3-BF4B-00C04F79EFBC}") = "BaroPortal.DataAccess", "BaroPortal.DataAccess\BaroPortal.DataAccess.csproj", "{8A7BA069-6613-4805-B0B2-4A6AB6ABBFA7}"
EndProject
Project("{FAE04EC0-301F-11D3-BF4B-00C04F79EFBC}") = "BaroPortal.Core", "BaroPortal.Core\BaroPortal.Core.csproj", "{D9555925-FAAF-4057-BCF0-A5D1001A1F0A}"
EndProject
Project("{FAE04EC0-301F-11D3-BF4B-00C04F79EFBC}") = "BaroPortal.Entities", "BaroPortal.Entities\BaroPortal.Entities.csproj", "{61A5F4AF-15F9-45F3-9199-5994A1D4E25A}"
EndProject
Global
	GlobalSection(SolutionConfigurationPlatforms) = preSolution
		Debug|Any CPU = Debug|Any CPU
		Release|Any CPU = Release|Any CPU
	EndGlobalSection
	GlobalSection(ProjectConfigurationPlatforms) = postSolution
		{8ACD0485-E74E-45D7-B22E-F9CDC8737292}.Debug|Any CPU.ActiveCfg = Debug|Any CPU
		{8ACD0485-E74E-45D7-B22E-F9CDC8737292}.Debug|Any CPU.Build.0 = Debug|Any CPU
		{8ACD0485-E74E-45D7-B22E-F9CDC8737292}.Release|Any CPU.ActiveCfg = Release|Any CPU
		{8ACD0485-E74E-45D7-B22E-F9CDC8737292}.Release|Any CPU.Build.0 = Release|Any CPU
		{BF0FDEDE-C6C1-4B33-846F-3C88B25191DF}.Debug|Any CPU.ActiveCfg = Debug|Any CPU
		{BF0FDEDE-C6C1-4B33-846F-3C88B25191DF}.Debug|Any CPU.Build.0 = Debug|Any CPU
		{BF0FDEDE-C6C1-4B33-846F-3C88B25191DF}.Release|Any CPU.ActiveCfg = Release|Any CPU
		{BF0FDEDE-C6C1-4B33-846F-3C88B25191DF}.Release|Any CPU.Build.0 = Release|Any CPU
		{8A7BA069-6613-4805-B0B2-4A6AB6ABBFA7}.Debug|Any CPU.ActiveCfg = Debug|Any CPU
		{8A7BA069-6613-4805-B0B2-4A6AB6ABBFA7}.Debug|Any CPU.Build.0 = Debug|Any CPU
		{8A7BA069-6613-4805-B0B2-4A6AB6ABBFA7}.Release|Any CPU.ActiveCfg = Release|Any CPU
		{8A7BA069-6613-4805-B0B2-4A6AB6ABBFA7}.Release|Any CPU.Build.0 = Release|Any CPU
		{D9555925-FAAF-4057-BCF0-A5D1001A1F0A}.Debug|Any CPU.ActiveCfg = Debug|Any CPU
		{D9555925-FAAF-4057-BCF0-A5D1001A1F0A}.Debug|Any CPU.Build.0 = Debug|Any CPU
		{D9555925-FAAF-4057-BCF0-A5D1001A1F0A}.Release|Any CPU.ActiveCfg = Release|Any CPU
		{D9555925-FAAF-4057-BCF0-A5D1001A1F0A}.Release|Any CPU.Build.0 = Release|Any CPU
		{61A5F4AF-15F9-45F3-9199-5994A1D4E25A}.Debug|Any CPU.ActiveCfg = Debug|Any CPU
		{61A5F4AF-15F9-45F3-9199-5994A1D4E25A}.Debug|Any CPU.Build.0 = Debug|Any CPU
		{61A5F4AF-15F9-45F3-9199-5994A1D4E25A}.Release|Any CPU.ActiveCfg = Release|Any CPU
		{61A5F4AF-15F9-45F3-9199-5994A1D4E25A}.Release|Any CPU.Build.0 = Release|Any CPU
	EndGlobalSection
	GlobalSection(SolutionProperties) = preSolution
		HideSolutionNode = FALSE
	EndGlobalSection
	GlobalSection(ExtensibilityGlobals) = postSolution
		SolutionGuid = {E1AA0DD6-37C9-4E1E-84D5-4DDAED1DD5EC}
	EndGlobalSection
EndGlobal
